// !$*UTF8*$!
{
	archiveVersion = 1;
	classes = {
	};
	objectVersion = 50;
	objects = {

/* Begin PBXBuildFile section */
		15CC7A4322AAC0CD009875F8 /* AppDelegate.swift in Sources */ = {isa = PBXBuildFile; fileRef = 15CC7A4222AAC0CD009875F8 /* AppDelegate.swift */; };
		15CC7A4522AAC0CD009875F8 /* ViewController.swift in Sources */ = {isa = PBXBuildFile; fileRef = 15CC7A4422AAC0CD009875F8 /* ViewController.swift */; };
		15CC7A4822AAC0CD009875F8 /* Main.storyboard in Resources */ = {isa = PBXBuildFile; fileRef = 15CC7A4622AAC0CD009875F8 /* Main.storyboard */; };
		15CC7A4A22AAC0D1009875F8 /* Assets.xcassets in Resources */ = {isa = PBXBuildFile; fileRef = 15CC7A4922AAC0D1009875F8 /* Assets.xcassets */; };
		15CC7A4D22AAC0D1009875F8 /* LaunchScreen.storyboard in Resources */ = {isa = PBXBuildFile; fileRef = 15CC7A4B22AAC0D1009875F8 /* LaunchScreen.storyboard */; };
		15CC7A5522AAC511009875F8 /* CustomTableViewCell.swift in Sources */ = {isa = PBXBuildFile; fileRef = 15CC7A5422AAC511009875F8 /* CustomTableViewCell.swift */; };
		15CC7A5722AAC688009875F8 /* Movie.swift in Sources */ = {isa = PBXBuildFile; fileRef = 15CC7A5622AAC688009875F8 /* Movie.swift */; };
		15CC7A5922AAD029009875F8 /* SearchViewController.swift in Sources */ = {isa = PBXBuildFile; fileRef = 15CC7A5822AAD029009875F8 /* SearchViewController.swift */; };
		15CC7A5B22AADC75009875F8 /* HTTPHandler.swift in Sources */ = {isa = PBXBuildFile; fileRef = 15CC7A5A22AADC75009875F8 /* HTTPHandler.swift */; };
		15CC7A5D22AAE0B4009875F8 /* JSONParser.swift in Sources */ = {isa = PBXBuildFile; fileRef = 15CC7A5C22AAE0B4009875F8 /* JSONParser.swift */; };
		15CC7A5F22AAE1C7009875F8 /* MovieDataProcessor.swift in Sources */ = {isa = PBXBuildFile; fileRef = 15CC7A5E22AAE1C7009875F8 /* MovieDataProcessor.swift */; };
/* End PBXBuildFile section */

/* Begin PBXFileReference section */
		15CC7A3F22AAC0CD009875F8 /* FavoriteMovies.app */ = {isa = PBXFileReference; explicitFileType = wrapper.application; includeInIndex = 0; path = FavoriteMovies.app; sourceTree = BUILT_PRODUCTS_DIR; };
		15CC7A4222AAC0CD009875F8 /* AppDelegate.swift */ = {isa = PBXFileReference; lastKnownFileType = sourcecode.swift; path = AppDelegate.swift; sourceTree = "<group>"; };
		15CC7A4422AAC0CD009875F8 /* ViewController.swift */ = {isa = PBXFileReference; lastKnownFileType = sourcecode.swift; path = ViewController.swift; sourceTree = "<group>"; };
		15CC7A4722AAC0CD009875F8 /* Base */ = {isa = PBXFileReference; lastKnownFileType = file.storyboard; name = Base; path = Base.lproj/Main.storyboard; sourceTree = "<group>"; };
		15CC7A4922AAC0D1009875F8 /* Assets.xcassets */ = {isa = PBXFileReference; lastKnownFileType = folder.assetcatalog; path = Assets.xcassets; sourceTree = "<group>"; };
		15CC7A4C22AAC0D1009875F8 /* Base */ = {isa = PBXFileReference; lastKnownFileType = file.storyboard; name = Base; path = Base.lproj/LaunchScreen.storyboard; sourceTree = "<group>"; };
		15CC7A4E22AAC0D1009875F8 /* Info.plist */ = {isa = PBXFileReference; lastKnownFileType = text.plist.xml; path = Info.plist; sourceTree = "<group>"; };
		15CC7A5422AAC511009875F8 /* CustomTableViewCell.swift */ = {isa = PBXFileReference; lastKnownFileType = sourcecode.swift; path = CustomTableViewCell.swift; sourceTree = "<group>"; };
		15CC7A5622AAC688009875F8 /* Movie.swift */ = {isa = PBXFileReference; lastKnownFileType = sourcecode.swift; path = Movie.swift; sourceTree = "<group>"; };
		15CC7A5822AAD029009875F8 /* SearchViewController.swift */ = {isa = PBXFileReference; lastKnownFileType = sourcecode.swift; path = SearchViewController.swift; sourceTree = "<group>"; };
		15CC7A5A22AADC75009875F8 /* HTTPHandler.swift */ = {isa = PBXFileReference; lastKnownFileType = sourcecode.swift; path = HTTPHandler.swift; sourceTree = "<group>"; };
		15CC7A5C22AAE0B4009875F8 /* JSONParser.swift */ = {isa = PBXFileReference; lastKnownFileType = sourcecode.swift; path = JSONParser.swift; sourceTree = "<group>"; };
		15CC7A5E22AAE1C7009875F8 /* MovieDataProcessor.swift */ = {isa = PBXFileReference; lastKnownFileType = sourcecode.swift; path = MovieDataProcessor.swift; sourceTree = "<group>"; };
/* End PBXFileReference section */

/* Begin PBXFrameworksBuildPhase section */
		15CC7A3C22AAC0CD009875F8 /* Frameworks */ = {
			isa = PBXFrameworksBuildPhase;
			buildActionMask = 2147483647;
			files = (
			);
			runOnlyForDeploymentPostprocessing = 0;
		};
/* End PBXFrameworksBuildPhase section */

/* Begin PBXGroup section */
		15CC7A3622AAC0CD009875F8 = {
			isa = PBXGroup;
			children = (
				15CC7A4122AAC0CD009875F8 /* FavoriteMovies */,
				15CC7A4022AAC0CD009875F8 /* Products */,
			);
			sourceTree = "<group>";
		};
		15CC7A4022AAC0CD009875F8 /* Products */ = {
			isa = PBXGroup;
			children = (
				15CC7A3F22AAC0CD009875F8 /* FavoriteMovies.app */,
			);
			name = Products;
			sourceTree = "<group>";
		};
		15CC7A4122AAC0CD009875F8 /* FavoriteMovies */ = {
			isa = PBXGroup;
			children = (
				15CC7A4222AAC0CD009875F8 /* AppDelegate.swift */,
				15CC7A4422AAC0CD009875F8 /* ViewController.swift */,
				15CC7A4622AAC0CD009875F8 /* Main.storyboard */,
				15CC7A4922AAC0D1009875F8 /* Assets.xcassets */,
				15CC7A4B22AAC0D1009875F8 /* LaunchScreen.storyboard */,
				15CC7A4E22AAC0D1009875F8 /* Info.plist */,
				15CC7A5422AAC511009875F8 /* CustomTableViewCell.swift */,
				15CC7A5622AAC688009875F8 /* Movie.swift */,
				15CC7A5822AAD029009875F8 /* SearchViewController.swift */,
				15CC7A5A22AADC75009875F8 /* HTTPHandler.swift */,
				15CC7A5C22AAE0B4009875F8 /* JSONParser.swift */,
				15CC7A5E22AAE1C7009875F8 /* MovieDataProcessor.swift */,
			);
			path = FavoriteMovies;
			sourceTree = "<group>";
		};
/* End PBXGroup section */

/* Begin PBXNativeTarget section */
		15CC7A3E22AAC0CD009875F8 /* FavoriteMovies */ = {
			isa = PBXNativeTarget;
			buildConfigurationList = 15CC7A5122AAC0D1009875F8 /* Build configuration list for PBXNativeTarget "FavoriteMovies" */;
			buildPhases = (
				15CC7A3B22AAC0CD009875F8 /* Sources */,
				15CC7A3C22AAC0CD009875F8 /* Frameworks */,
				15CC7A3D22AAC0CD009875F8 /* Resources */,
			);
			buildRules = (
			);
			dependencies = (
			);
			name = FavoriteMovies;
			productName = FavoriteMovies;
			productReference = 15CC7A3F22AAC0CD009875F8 /* FavoriteMovies.app */;
			productType = "com.apple.product-type.application";
		};
/* End PBXNativeTarget section */

/* Begin PBXProject section */
		15CC7A3722AAC0CD009875F8 /* Project object */ = {
			isa = PBXProject;
			attributes = {
				LastSwiftUpdateCheck = 1020;
				LastUpgradeCheck = 1020;
				ORGANIZATIONNAME = "JESUS MANUEL RIOS OLIVAS ";
				TargetAttributes = {
					15CC7A3E22AAC0CD009875F8 = {
						CreatedOnToolsVersion = 10.2.1;
					};
				};
			};
			buildConfigurationList = 15CC7A3A22AAC0CD009875F8 /* Build configuration list for PBXProject "FavoriteMovies" */;
			compatibilityVersion = "Xcode 9.3";
			developmentRegion = en;
			hasScannedForEncodings = 0;
			knownRegions = (
				en,
				Base,
			);
			mainGroup = 15CC7A3622AAC0CD009875F8;
			productRefGroup = 15CC7A4022AAC0CD009875F8 /* Products */;
			projectDirPath = "";
			projectRoot = "";
			targets = (
				15CC7A3E22AAC0CD009875F8 /* FavoriteMovies */,
			);
		};
/* End PBXProject section */

/* Begin PBXResourcesBuildPhase section */
		15CC7A3D22AAC0CD009875F8 /* Resources */ = {
			isa = PBXResourcesBuildPhase;
			buildActionMask = 2147483647;
			files = (
				15CC7A4D22AAC0D1009875F8 /* LaunchScreen.storyboard in Resources */,
				15CC7A4A22AAC0D1009875F8 /* Assets.xcassets in Resources */,
				15CC7A4822AAC0CD009875F8 /* Main.storyboard in Resources */,
			);
			runOnlyForDeploymentPostprocessing = 0;
		};
/* End PBXResourcesBuildPhase section */

/* Begin PBXSourcesBuildPhase section */
		15CC7A3B22AAC0CD009875F8 /* Sources */ = {
			isa = PBXSourcesBuildPhase;
			buildActionMask = 2147483647;
			files = (
				15CC7A5922AAD029009875F8 /* SearchViewController.swift in Sources */,
				15CC7A5522AAC511009875F8 /* CustomTableViewCell.swift in Sources */,
				15CC7A5D22AAE0B4009875F8 /* JSONParser.swift in Sources */,
				15CC7A4522AAC0CD009875F8 /* ViewController.swift in Sources */,
				15CC7A5722AAC688009875F8 /* Movie.swift in Sources */,
				15CC7A5F22AAE1C7009875F8 /* MovieDataProcessor.swift in Sources */,
				15CC7A5B22AADC75009875F8 /* HTTPHandler.swift in Sources */,
				15CC7A4322AAC0CD009875F8 /* AppDelegate.swift in Sources */,
			);
			runOnlyForDeploymentPostprocessing = 0;
		};
/* End PBXSourcesBuildPhase section */

/* Begin PBXVariantGroup section */
		15CC7A4622AAC0CD009875F8 /* Main.storyboard */ = {
			isa = PBXVariantGroup;
			children = (
				15CC7A4722AAC0CD009875F8 /* Base */,
			);
			name = Main.storyboard;
			sourceTree = "<group>";
		};
		15CC7A4B22AAC0D1009875F8 /* LaunchScreen.storyboard */ = {
			isa = PBXVariantGroup;
			children = (
				15CC7A4C22AAC0D1009875F8 /* Base */,
			);
			name = LaunchScreen.storyboard;
			sourceTree = "<group>";
		};
/* End PBXVariantGroup section */

/* Begin XCBuildConfiguration section */
		15CC7A4F22AAC0D1009875F8 /* Debug */ = {
			isa = XCBuildConfiguration;
			buildSettings = {
				ALWAYS_SEARCH_USER_PATHS = NO;
				CLANG_ANALYZER_NONNULL = YES;
				CLANG_ANALYZER_NUMBER_OBJECT_CONVERSION = YES_AGGRESSIVE;
				CLANG_CXX_LANGUAGE_STANDARD = "gnu++14";
				CLANG_CXX_LIBRARY = "libc++";
				CLANG_ENABLE_MODULES = YES;
				CLANG_ENABLE_OBJC_ARC = YES;
				CLANG_ENABLE_OBJC_WEAK = YES;
				CLANG_WARN_BLOCK_CAPTURE_AUTORELEASING = YES;
				CLANG_WARN_BOOL_CONVERSION = YES;
				CLANG_WARN_COMMA = YES;
				CLANG_WARN_CONSTANT_CONVERSION = YES;
				CLANG_WARN_DEPRECATED_OBJC_IMPLEMENTATIONS = YES;
				CLANG_WARN_DIRECT_OBJC_ISA_USAGE = YES_ERROR;
				CLANG_WARN_DOCUMENTATION_COMMENTS = YES;
				CLANG_WARN_EMPTY_BODY = YES;
				CLANG_WARN_ENUM_CONVERSION = YES;
				CLANG_WARN_INFINITE_RECURSION = YES;
				CLANG_WARN_INT_CONVERSION = YES;
				CLANG_WARN_NON_LITERAL_NULL_CONVERSION = YES;
				CLANG_WARN_OBJC_IMPLICIT_RETAIN_SELF = YES;
				CLANG_WARN_OBJC_LITERAL_CONVERSION = YES;
				CLANG_WARN_OBJC_ROOT_CLASS = YES_ERROR;
				CLANG_WARN_RANGE_LOOP_ANALYSIS = YES;
				CLANG_WARN_STRICT_PROTOTYPES = YES;
				CLANG_WARN_SUSPICIOUS_MOVE = YES;
				CLANG_WARN_UNGUARDED_AVAILABILITY = YES_AGGRESSIVE;
				CLANG_WARN_UNREACHABLE_CODE = YES;
				CLANG_WARN__DUPLICATE_METHOD_MATCH = YES;
				CODE_SIGN_IDENTITY = "iPhone Developer";
				COPY_PHASE_STRIP = NO;
				DEBUG_INFORMATION_FORMAT = dwarf;
				ENABLE_STRICT_OBJC_MSGSEND = YES;
				ENABLE_TESTABILITY = YES;
				GCC_C_LANGUAGE_STANDARD = gnu11;
				GCC_DYNAMIC_NO_PIC = NO;
				GCC_NO_COMMON_BLOCKS = YES;
				GCC_OPTIMIZATION_LEVEL = 0;
				GCC_PREPROCESSOR_DEFINITIONS = (
					"DEBUG=1",
					"$(inherited)",
				);
				GCC_WARN_64_TO_32_BIT_CONVERSION = YES;
				GCC_WARN_ABOUT_RETURN_TYPE = YES_ERROR;
				GCC_WARN_UNDECLARED_SELECTOR = YES;
				GCC_WARN_UNINITIALIZED_AUTOS = YES_AGGRESSIVE;
				GCC_WARN_UNUSED_FUNCTION = YES;
				GCC_WARN_UNUSED_VARIABLE = YES;
				IPHONEOS_DEPLOYMENT_TARGET = 12.2;
				MTL_ENABLE_DEBUG_INFO = INCLUDE_SOURCE;
				MTL_FAST_MATH = YES;
				ONLY_ACTIVE_ARCH = YES;
				SDKROOT = iphoneos;
				SWIFT_ACTIVE_COMPILATION_CONDITIONS = DEBUG;
				SWIFT_OPTIMIZATION_LEVEL = "-Onone";
			};
			name = Debug;
		};
		15CC7A5022AAC0D1009875F8 /* Release */ = {
			isa = XCBuildConfiguration;
			buildSettings = {
				ALWAYS_SEARCH_USER_PATHS = NO;
				CLANG_ANALYZER_NONNULL = YES;
				CLANG_ANALYZER_NUMBER_OBJECT_CONVERSION = YES_AGGRESSIVE;
				CLANG_CXX_LANGUAGE_STANDARD = "gnu++14";
				CLANG_CXX_LIBRARY = "libc++";
				CLANG_ENABLE_MODULES = YES;
				CLANG_ENABLE_OBJC_ARC = YES;
				CLANG_ENABLE_OBJC_WEAK = YES;
				CLANG_WARN_BLOCK_CAPTURE_AUTORELEASING = YES;
				CLANG_WARN_BOOL_CONVERSION = YES;
				CLANG_WARN_COMMA = YES;
				CLANG_WARN_CONSTANT_CONVERSION = YES;
				CLANG_WARN_DEPRECATED_OBJC_IMPLEMENTATIONS = YES;
				CLANG_WARN_DIRECT_OBJC_ISA_USAGE = YES_ERROR;
				CLANG_WARN_DOCUMENTATION_COMMENTS = YES;
				CLANG_WARN_EMPTY_BODY = YES;
				CLANG_WARN_ENUM_CONVERSION = YES;
				CLANG_WARN_INFINITE_RECURSION = YES;
				CLANG_WARN_INT_CONVERSION = YES;
				CLANG_WARN_NON_LITERAL_NULL_CONVERSION = YES;
				CLANG_WARN_OBJC_IMPLICIT_RETAIN_SELF = YES;
				CLANG_WARN_OBJC_LITERAL_CONVERSION = YES;
				CLANG_WARN_OBJC_ROOT_CLASS = YES_ERROR;
				CLANG_WARN_RANGE_LOOP_ANALYSIS = YES;
				CLANG_WARN_STRICT_PROTOTYPES = YES;
				CLANG_WARN_SUSPICIOUS_MOVE = YES;
				CLANG_WARN_UNGUARDED_AVAILABILITY = YES_AGGRESSIVE;
				CLANG_WARN_UNREACHABLE_CODE = YES;
				CLANG_WARN__DUPLICATE_METHOD_MATCH = YES;
				CODE_SIGN_IDENTITY = "iPhone Developer";
				COPY_PHASE_STRIP = NO;
				DEBUG_INFORMATION_FORMAT = "dwarf-with-dsym";
				ENABLE_NS_ASSERTIONS = NO;
				ENABLE_STRICT_OBJC_MSGSEND = YES;
				GCC_C_LANGUAGE_STANDARD = gnu11;
				GCC_NO_COMMON_BLOCKS = YES;
				GCC_WARN_64_TO_32_BIT_CONVERSION = YES;
				GCC_WARN_ABOUT_RETURN_TYPE = YES_ERROR;
				GCC_WARN_UNDECLARED_SELECTOR = YES;
				GCC_WARN_UNINITIALIZED_AUTOS = YES_AGGRESSIVE;
				GCC_WARN_UNUSED_FUNCTION = YES;
				GCC_WARN_UNUSED_VARIABLE = YES;
				IPHONEOS_DEPLOYMENT_TARGET = 12.2;
				MTL_ENABLE_DEBUG_INFO = NO;
				MTL_FAST_MATH = YES;
				SDKROOT = iphoneos;
				SWIFT_COMPILATION_MODE = wholemodule;
				SWIFT_OPTIMIZATION_LEVEL = "-O";
				VALIDATE_PRODUCT = YES;
			};
			name = Release;
		};
		15CC7A5222AAC0D1009875F8 /* Debug */ = {
			isa = XCBuildConfiguration;
			buildSettings = {
				ASSETCATALOG_COMPILER_APPICON_NAME = AppIcon;
				CODE_SIGN_STYLE = Automatic;
				DEVELOPMENT_TEAM = CWRU4EXZ2L;
				INFOPLIST_FILE = FavoriteMovies/Info.plist;
				LD_RUNPATH_SEARCH_PATHS = (
					"$(inherited)",
					"@executable_path/Frameworks",
				);
				PRODUCT_BUNDLE_IDENTIFIER = jr.FavoriteMovies;
				PRODUCT_NAME = "$(TARGET_NAME)";
				SWIFT_VERSION = 5.0;
				TARGETED_DEVICE_FAMILY = "1,2";
			};
			name = Debug;
		};
		15CC7A5322AAC0D1009875F8 /* Release */ = {
			isa = XCBuildConfiguration;
			buildSettings = {
				ASSETCATALOG_COMPILER_APPICON_NAME = AppIcon;
				CODE_SIGN_STYLE = Automatic;
				DEVELOPMENT_TEAM = CWRU4EXZ2L;
				INFOPLIST_FILE = FavoriteMovies/Info.plist;
				LD_RUNPATH_SEARCH_PATHS = (
					"$(inherited)",
					"@executable_path/Frameworks",
				);
				PRODUCT_BUNDLE_IDENTIFIER = jr.FavoriteMovies;
				PRODUCT_NAME = "$(TARGET_NAME)";
				SWIFT_VERSION = 5.0;
				TARGETED_DEVICE_FAMILY = "1,2";
			};
			name = Release;
		};
/* End XCBuildConfiguration section */

/* Begin XCConfigurationList section */
		15CC7A3A22AAC0CD009875F8 /* Build configuration list for PBXProject "FavoriteMovies" */ = {
			isa = XCConfigurationList;
			buildConfigurations = (
				15CC7A4F22AAC0D1009875F8 /* Debug */,
				15CC7A5022AAC0D1009875F8 /* Release */,
			);
			defaultConfigurationIsVisible = 0;
			defaultConfigurationName = Release;
		};
		15CC7A5122AAC0D1009875F8 /* Build configuration list for PBXNativeTarget "FavoriteMovies" */ = {
			isa = XCConfigurationList;
			buildConfigurations = (
				15CC7A5222AAC0D1009875F8 /* Debug */,
				15CC7A5322AAC0D1009875F8 /* Release */,
			);
			defaultConfigurationIsVisible = 0;
			defaultConfigurationName = Release;
		};
/* End XCConfigurationList section */
	};
	rootObject = 15CC7A3722AAC0CD009875F8 /* Project object */;
}
